
Microsoft Visual Studio Solution File, Format Version 12.00
# Visual Studio Version 17
VisualStudioVersion = 17.14.37628.2 d17.14
MinimumVisualStudioVersion = 10.0.40219.1
Project("{FAE04EC0-301F-11D3-BF4B-00C04F79EFBC}") = "Bai01", "Bai01\Bai01.csproj", "{AEDDAA1D-2621-4EF3-B688-424833BE1459}"
EndProject
Global
	GlobalSection(SolutionConfigurationPlatforms) = preSolution
		Debug|Any CPU = Debug|Any CPU
		Release|Any CPU = Release|Any CPU
	EndGlobalSection
	GlobalSection(ProjectConfigurationPlatforms) = postSolution
		{AEDDAA1D-2621-4EF3-B688-424833BE1459}.Debug|Any CPU.ActiveCfg = Debug|Any CPU
		{AEDDAA1D-2621-4EF3-B688-424833BE1459}.Debug|Any CPU.Build.0 = Debug|Any CPU
		{AEDDAA1D-2621-4EF3-B688-424833BE1459}.Release|Any CPU.ActiveCfg = Release|Any CPU
		{AEDDAA1D-2621-4EF3-B688-424833BE1459}.Release|Any CPU.Build.0 = Release|Any CPU
	EndGlobalSection
	GlobalSection(SolutionProperties) = preSolution
		HideSolutionNode = FALSE
	EndGlobalSection
	GlobalSection(ExtensibilityGlobals) = postSolution
		SolutionGuid = {669027E1-6816-4241-9567-EABCB19C7041}
	EndGlobalSection
EndGlobal
