
Microsoft Visual Studio Solution File, Format Version 12.00
# Visual Studio Version 17
VisualStudioVersion = 17.14.37628.2 d17.14
MinimumVisualStudioVersion = 10.0.40219.1
Project("{FAE04EC0-301F-11D3-BF4B-00C04F79EFBC}") = "bai17", "bai17\bai17.csproj", "{548C7354-0E30-44B9-AA46-BC00FC9B17FA}"
EndProject
Global
	GlobalSection(SolutionConfigurationPlatforms) = preSolution
		Debug|Any CPU = Debug|Any CPU
		Release|Any CPU = Release|Any CPU
	EndGlobalSection
	GlobalSection(ProjectConfigurationPlatforms) = postSolution
		{548C7354-0E30-44B9-AA46-BC00FC9B17FA}.Debug|Any CPU.ActiveCfg = Debug|Any CPU
		{548C7354-0E30-44B9-AA46-BC00FC9B17FA}.Debug|Any CPU.Build.0 = Debug|Any CPU
		{548C7354-0E30-44B9-AA46-BC00FC9B17FA}.Release|Any CPU.ActiveCfg = Release|Any CPU
		{548C7354-0E30-44B9-AA46-BC00FC9B17FA}.Release|Any CPU.Build.0 = Release|Any CPU
	EndGlobalSection
	GlobalSection(SolutionProperties) = preSolution
		HideSolutionNode = FALSE
	EndGlobalSection
	GlobalSection(ExtensibilityGlobals) = postSolution
		SolutionGuid = {5E3A7042-5C4B-4C55-B496-DAB972EA372B}
	EndGlobalSection
EndGlobal
