
Microsoft Visual Studio Solution File, Format Version 12.00
# Visual Studio Version 17
VisualStudioVersion = 17.14.37628.2 d17.14
MinimumVisualStudioVersion = 10.0.40219.1
Project("{FAE04EC0-301F-11D3-BF4B-00C04F79EFBC}") = "bai06", "bai06\bai06.csproj", "{C5876912-3663-41CD-921A-262678539B95}"
EndProject
Global
	GlobalSection(SolutionConfigurationPlatforms) = preSolution
		Debug|Any CPU = Debug|Any CPU
		Release|Any CPU = Release|Any CPU
	EndGlobalSection
	GlobalSection(ProjectConfigurationPlatforms) = postSolution
		{C5876912-3663-41CD-921A-262678539B95}.Debug|Any CPU.ActiveCfg = Debug|Any CPU
		{C5876912-3663-41CD-921A-262678539B95}.Debug|Any CPU.Build.0 = Debug|Any CPU
		{C5876912-3663-41CD-921A-262678539B95}.Release|Any CPU.ActiveCfg = Release|Any CPU
		{C5876912-3663-41CD-921A-262678539B95}.Release|Any CPU.Build.0 = Release|Any CPU
	EndGlobalSection
	GlobalSection(SolutionProperties) = preSolution
		HideSolutionNode = FALSE
	EndGlobalSection
	GlobalSection(ExtensibilityGlobals) = postSolution
		SolutionGuid = {7BDEE632-3526-47EE-8E38-262AD2440FDD}
	EndGlobalSection
EndGlobal
