
Microsoft Visual Studio Solution File, Format Version 12.00
# Visual Studio Version 17
VisualStudioVersion = 17.14.37628.2 d17.14
MinimumVisualStudioVersion = 10.0.40219.1
Project("{FAE04EC0-301F-11D3-BF4B-00C04F79EFBC}") = "bai08", "bai08\bai08.csproj", "{8898320C-8211-4865-B955-375853DCBCD0}"
EndProject
Global
	GlobalSection(SolutionConfigurationPlatforms) = preSolution
		Debug|Any CPU = Debug|Any CPU
		Release|Any CPU = Release|Any CPU
	EndGlobalSection
	GlobalSection(ProjectConfigurationPlatforms) = postSolution
		{8898320C-8211-4865-B955-375853DCBCD0}.Debug|Any CPU.ActiveCfg = Debug|Any CPU
		{8898320C-8211-4865-B955-375853DCBCD0}.Debug|Any CPU.Build.0 = Debug|Any CPU
		{8898320C-8211-4865-B955-375853DCBCD0}.Release|Any CPU.ActiveCfg = Release|Any CPU
		{8898320C-8211-4865-B955-375853DCBCD0}.Release|Any CPU.Build.0 = Release|Any CPU
	EndGlobalSection
	GlobalSection(SolutionProperties) = preSolution
		HideSolutionNode = FALSE
	EndGlobalSection
	GlobalSection(ExtensibilityGlobals) = postSolution
		SolutionGuid = {9C619CE2-5E1B-4239-AD13-A38D3A7C8C1A}
	EndGlobalSection
EndGlobal
