
Microsoft Visual Studio Solution File, Format Version 12.00
# Visual Studio Version 17
VisualStudioVersion = 17.14.37628.2 d17.14
MinimumVisualStudioVersion = 10.0.40219.1
Project("{FAE04EC0-301F-11D3-BF4B-00C04F79EFBC}") = "bai16", "bai16\bai16.csproj", "{CBA28C5C-CB83-48F2-8644-DD59C63BA661}"
EndProject
Global
	GlobalSection(SolutionConfigurationPlatforms) = preSolution
		Debug|Any CPU = Debug|Any CPU
		Release|Any CPU = Release|Any CPU
	EndGlobalSection
	GlobalSection(ProjectConfigurationPlatforms) = postSolution
		{CBA28C5C-CB83-48F2-8644-DD59C63BA661}.Debug|Any CPU.ActiveCfg = Debug|Any CPU
		{CBA28C5C-CB83-48F2-8644-DD59C63BA661}.Debug|Any CPU.Build.0 = Debug|Any CPU
		{CBA28C5C-CB83-48F2-8644-DD59C63BA661}.Release|Any CPU.ActiveCfg = Release|Any CPU
		{CBA28C5C-CB83-48F2-8644-DD59C63BA661}.Release|Any CPU.Build.0 = Release|Any CPU
	EndGlobalSection
	GlobalSection(SolutionProperties) = preSolution
		HideSolutionNode = FALSE
	EndGlobalSection
	GlobalSection(ExtensibilityGlobals) = postSolution
		SolutionGuid = {2F43ADCC-B95E-4330-9DA5-E3D80EA7035E}
	EndGlobalSection
EndGlobal
