
Microsoft Visual Studio Solution File, Format Version 12.00
# Visual Studio Version 17
VisualStudioVersion = 17.14.37628.2 d17.14
MinimumVisualStudioVersion = 10.0.40219.1
Project("{FAE04EC0-301F-11D3-BF4B-00C04F79EFBC}") = "bai02", "bai02\bai02.csproj", "{1422665B-F5CE-436B-911A-3C8EB0EB26A5}"
EndProject
Global
	GlobalSection(SolutionConfigurationPlatforms) = preSolution
		Debug|Any CPU = Debug|Any CPU
		Release|Any CPU = Release|Any CPU
	EndGlobalSection
	GlobalSection(ProjectConfigurationPlatforms) = postSolution
		{1422665B-F5CE-436B-911A-3C8EB0EB26A5}.Debug|Any CPU.ActiveCfg = Debug|Any CPU
		{1422665B-F5CE-436B-911A-3C8EB0EB26A5}.Debug|Any CPU.Build.0 = Debug|Any CPU
		{1422665B-F5CE-436B-911A-3C8EB0EB26A5}.Release|Any CPU.ActiveCfg = Release|Any CPU
		{1422665B-F5CE-436B-911A-3C8EB0EB26A5}.Release|Any CPU.Build.0 = Release|Any CPU
	EndGlobalSection
	GlobalSection(SolutionProperties) = preSolution
		HideSolutionNode = FALSE
	EndGlobalSection
	GlobalSection(ExtensibilityGlobals) = postSolution
		SolutionGuid = {02E9A998-F166-42DA-8846-D13831935CA3}
	EndGlobalSection
EndGlobal
